
Microsoft Visual Studio Solution File, Format Version 12.00
# Visual Studio 14
VisualStudioVersion = 14.0.25420.1
MinimumVisualStudioVersion = 10.0.40219.1
Project("{FAE04EC0-301F-11D3-BF4B-00C04F79EFBC}") = "ConsoleApplication1", "ConsoleApplication1\ConsoleApplication1.csproj", "{DEC824E5-3870-438D-A90F-A5C02582810F}"
EndProject
Project("{FAE04EC0-301F-11D3-BF4B-00C04F79EFBC}") = "WpfApplication1", "WpfApplication1\WpfApplication1.csproj", "{4699C6C6-E9BE-4E4F-821F-C3FE4844C1CB}"
EndProject
Project("{FAE04EC0-301F-11D3-BF4B-00C04F79EFBC}") = "WpfApplication2", "WpfApplication2\WpfApplication2.csproj", "{D277B8F0-A17A-47E9-B5E0-381CAEDEF5B1}"
EndProject
Global
	GlobalSection(SolutionConfigurationPlatforms) = preSolution
		Debug|Any CPU = Debug|Any CPU
		Release|Any CPU = Release|Any CPU
	EndGlobalSection
	GlobalSection(ProjectConfigurationPlatforms) = postSolution
		{DEC824E5-3870-438D-A90F-A5C02582810F}.Debug|Any CPU.ActiveCfg = Debug|Any CPU
		{DEC824E5-3870-438D-A90F-A5C02582810F}.Debug|Any CPU.Build.0 = Debug|Any CPU
		{DEC824E5-3870-438D-A90F-A5C02582810F}.Release|Any CPU.ActiveCfg = Release|Any CPU
		{DEC824E5-3870-438D-A90F-A5C02582810F}.Release|Any CPU.Build.0 = Release|Any CPU
		{4699C6C6-E9BE-4E4F-821F-C3FE4844C1CB}.Debug|Any CPU.ActiveCfg = Debug|Any CPU
		{4699C6C6-E9BE-4E4F-821F-C3FE4844C1CB}.Debug|Any CPU.Build.0 = Debug|Any CPU
		{4699C6C6-E9BE-4E4F-821F-C3FE4844C1CB}.Release|Any CPU.ActiveCfg = Release|Any CPU
		{4699C6C6-E9BE-4E4F-821F-C3FE4844C1CB}.Release|Any CPU.Build.0 = Release|Any CPU
		{D277B8F0-A17A-47E9-B5E0-381CAEDEF5B1}.Debug|Any CPU.ActiveCfg = Debug|Any CPU
		{D277B8F0-A17A-47E9-B5E0-381CAEDEF5B1}.Debug|Any CPU.Build.0 = Debug|Any CPU
		{D277B8F0-A17A-47E9-B5E0-381CAEDEF5B1}.Release|Any CPU.ActiveCfg = Release|Any CPU
		{D277B8F0-A17A-47E9-B5E0-381CAEDEF5B1}.Release|Any CPU.Build.0 = Release|Any CPU
	EndGlobalSection
	GlobalSection(SolutionProperties) = preSolution
		HideSolutionNode = FALSE
	EndGlobalSection
EndGlobal
